{
  "name": "storyblok-generate-ts-example",
  "version": "1.0.0",
  "lockfileVersion": 2,
  "requires": true,
  "packages": {
    "": {
      "name": "storyblok-generate-ts-example",
      "version": "1.0.0",
      "license": "ISC",
      "dependencies": {
        "storyblok-generate-ts": "file:../"
      }
    },
    "..": {
      "version": "1.7.0",
      "license": "ISC",
      "dependencies": {
        "camelcase": "^6.3.0",
        "json-schema-to-typescript": "^11.0.1"
      },
      "bin": {
        "storyblok-generate-ts": "src/cli.js"
      }
    },
    "node_modules/storyblok-generate-ts": {
      "resolved": "..",
      "link": true
    }
  },
  "dependencies": {
    "storyblok-generate-ts": {
      "version": "file:..",
      "requires": {
        "camelcase": "^6.3.0",
        "json-schema-to-typescript": "^11.0.1"
      }
    }
  }
}
